// !$*UTF8*$!
{
	archiveVersion = 1;
	classes = {
	};
	objectVersion = 46;
	objects = {

/* Begin PBXBuildFile section */
		C6E2895816027DF900D8D6F2 /* UIKit.framework in Frameworks */ = {isa = PBXBuildFile; fileRef = C6E2895716027DF900D8D6F2 /* UIKit.framework */; };
		C6E2895A16027DF900D8D6F2 /* Foundation.framework in Frameworks */ = {isa = PBXBuildFile; fileRef = C6E2895916027DF900D8D6F2 /* Foundation.framework */; };
		C6E2895C16027DF900D8D6F2 /* CoreGraphics.framework in Frameworks */ = {isa = PBXBuildFile; fileRef = C6E2895B16027DF900D8D6F2 /* CoreGraphics.framework */; };
		C6E2896216027DF900D8D6F2 /* InfoPlist.strings in Resources */ = {isa = PBXBuildFile; fileRef = C6E2896016027DF900D8D6F2 /* InfoPlist.strings */; };
		C6E2896416027DF900D8D6F2 /* main.m in Sources */ = {isa = PBXBuildFile; fileRef = C6E2896316027DF900D8D6F2 /* main.m */; };
		C6E2896816027DF900D8D6F2 /* AppDelegate.m in Sources */ = {isa = PBXBuildFile; fileRef = C6E2896716027DF900D8D6F2 /* AppDelegate.m */; };
		C6E2896B16027DF900D8D6F2 /* ViewController.m in Sources */ = {isa = PBXBuildFile; fileRef = C6E2896A16027DF900D8D6F2 /* ViewController.m */; };
		C6E2896E16027DF900D8D6F2 /* ViewController.xib in Resources */ = {isa = PBXBuildFile; fileRef = C6E2896C16027DF900D8D6F2 /* ViewController.xib */; };
		C6E2897816027E9A00D8D6F2 /* MainViewController.m in Sources */ = {isa = PBXBuildFile; fileRef = C6E2897716027E9A00D8D6F2 /* MainViewController.m */; };
		C6E2898016027EAD00D8D6F2 /* DetailTableViewCell.m in Sources */ = {isa = PBXBuildFile; fileRef = C6E2897B16027EAD00D8D6F2 /* DetailTableViewCell.m */; };
		C6E2898116027EAD00D8D6F2 /* DetailTableViewCell.xib in Resources */ = {isa = PBXBuildFile; fileRef = C6E2897C16027EAD00D8D6F2 /* DetailTableViewCell.xib */; };
		C6E2899D16027ECA00D8D6F2 /* maestro-icon114.png in Resources */ = {isa = PBXBuildFile; fileRef = C6E2898D16027ECA00D8D6F2 /* maestro-icon114.png */; };
		C6E2899E16027ECA00D8D6F2 /* maestro-icon57.png in Resources */ = {isa = PBXBuildFile; fileRef = C6E2898E16027ECA00D8D6F2 /* maestro-icon57.png */; };
		C6E2899F16027ECA00D8D6F2 /* ContactStore.m in Sources */ = {isa = PBXBuildFile; fileRef = C6E2899016027ECA00D8D6F2 /* ContactStore.m */; };
		C6E289A316027ECA00D8D6F2 /* DetailsViewController.m in Sources */ = {isa = PBXBuildFile; fileRef = C6E2899916027ECA00D8D6F2 /* DetailsViewController.m */; };
		C6E289A416027ECA00D8D6F2 /* DetailsViewController.xib in Resources */ = {isa = PBXBuildFile; fileRef = C6E2899A16027ECA00D8D6F2 /* DetailsViewController.xib */; };
		C6E289A516027ECA00D8D6F2 /* DocumentHelper.m in Sources */ = {isa = PBXBuildFile; fileRef = C6E2899C16027ECA00D8D6F2 /* DocumentHelper.m */; };
		C6E289A716027F4B00D8D6F2 /* QuartzCore.framework in Frameworks */ = {isa = PBXBuildFile; fileRef = C6E289A616027F4B00D8D6F2 /* QuartzCore.framework */; };
		C6E289A916027F5D00D8D6F2 /* MobileCoreServices.framework in Frameworks */ = {isa = PBXBuildFile; fileRef = C6E289A816027F5D00D8D6F2 /* MobileCoreServices.framework */; };
		C6E289AB16027F6400D8D6F2 /* CoreData.framework in Frameworks */ = {isa = PBXBuildFile; fileRef = C6E289AA16027F6400D8D6F2 /* CoreData.framework */; };
		C6E289B11602844B00D8D6F2 /* MaestroiLeads.xcdatamodel in Sources */ = {isa = PBXBuildFile; fileRef = C6E289B01602844B00D8D6F2 /* MaestroiLeads.xcdatamodel */; };
		C6E289B7160284FF00D8D6F2 /* PhoneNumber.m in Sources */ = {isa = PBXBuildFile; fileRef = C6E289B6160284FF00D8D6F2 /* PhoneNumber.m */; };
		C6E289BA1602851200D8D6F2 /* Person.m in Sources */ = {isa = PBXBuildFile; fileRef = C6E289B91602851200D8D6F2 /* Person.m */; };
		C6E289BD1602852300D8D6F2 /* PhoneTypes.m in Sources */ = {isa = PBXBuildFile; fileRef = C6E289BC1602852300D8D6F2 /* PhoneTypes.m */; };
/* End PBXBuildFile section */

/* Begin PBXFileReference section */
		C6E2895316027DF900D8D6F2 /* Maestro iLeads.app */ = {isa = PBXFileReference; explicitFileType = wrapper.application; includeInIndex = 0; path = "Maestro iLeads.app"; sourceTree = BUILT_PRODUCTS_DIR; };
		C6E2895716027DF900D8D6F2 /* UIKit.framework */ = {isa = PBXFileReference; lastKnownFileType = wrapper.framework; name = UIKit.framework; path = System/Library/Frameworks/UIKit.framework; sourceTree = SDKROOT; };
		C6E2895916027DF900D8D6F2 /* Foundation.framework */ = {isa = PBXFileReference; lastKnownFileType = wrapper.framework; name = Foundation.framework; path = System/Library/Frameworks/Foundation.framework; sourceTree = SDKROOT; };
		C6E2895B16027DF900D8D6F2 /* CoreGraphics.framework */ = {isa = PBXFileReference; lastKnownFileType = wrapper.framework; name = CoreGraphics.framework; path = System/Library/Frameworks/CoreGraphics.framework; sourceTree = SDKROOT; };
		C6E2895F16027DF900D8D6F2 /* Maestro iLeads-Info.plist */ = {isa = PBXFileReference; lastKnownFileType = text.plist.xml; path = "Maestro iLeads-Info.plist"; sourceTree = "<group>"; };
		C6E2896116027DF900D8D6F2 /* en */ = {isa = PBXFileReference; lastKnownFileType = text.plist.strings; name = en; path = en.lproj/InfoPlist.strings; sourceTree = "<group>"; };
		C6E2896316027DF900D8D6F2 /* main.m */ = {isa = PBXFileReference; lastKnownFileType = sourcecode.c.objc; path = main.m; sourceTree = "<group>"; };
		C6E2896516027DF900D8D6F2 /* Maestro iLeads-Prefix.pch */ = {isa = PBXFileReference; lastKnownFileType = sourcecode.c.h; path = "Maestro iLeads-Prefix.pch"; sourceTree = "<group>"; };
		C6E2896616027DF900D8D6F2 /* AppDelegate.h */ = {isa = PBXFileReference; lastKnownFileType = sourcecode.c.h; path = AppDelegate.h; sourceTree = "<group>"; };
		C6E2896716027DF900D8D6F2 /* AppDelegate.m */ = {isa = PBXFileReference; lastKnownFileType = sourcecode.c.objc; path = AppDelegate.m; sourceTree = "<group>"; };
		C6E2896916027DF900D8D6F2 /* ViewController.h */ = {isa = PBXFileReference; lastKnownFileType = sourcecode.c.h; path = ViewController.h; sourceTree = "<group>"; };
		C6E2896A16027DF900D8D6F2 /* ViewController.m */ = {isa = PBXFileReference; lastKnownFileType = sourcecode.c.objc; path = ViewController.m; sourceTree = "<group>"; };
		C6E2896D16027DF900D8D6F2 /* en */ = {isa = PBXFileReference; lastKnownFileType = file.xib; name = en; path = en.lproj/ViewController.xib; sourceTree = "<group>"; };
		C6E2897616027E9A00D8D6F2 /* MainViewController.h */ = {isa = PBXFileReference; fileEncoding = 4; lastKnownFileType = sourcecode.c.h; path = MainViewController.h; sourceTree = "<group>"; };
		C6E2897716027E9A00D8D6F2 /* MainViewController.m */ = {isa = PBXFileReference; fileEncoding = 4; lastKnownFileType = sourcecode.c.objc; path = MainViewController.m; sourceTree = "<group>"; };
		C6E2897A16027EAD00D8D6F2 /* DetailTableViewCell.h */ = {isa = PBXFileReference; fileEncoding = 4; lastKnownFileType = sourcecode.c.h; path = DetailTableViewCell.h; sourceTree = "<group>"; };
		C6E2897B16027EAD00D8D6F2 /* DetailTableViewCell.m */ = {isa = PBXFileReference; fileEncoding = 4; lastKnownFileType = sourcecode.c.objc; path = DetailTableViewCell.m; sourceTree = "<group>"; };
		C6E2897C16027EAD00D8D6F2 /* DetailTableViewCell.xib */ = {isa = PBXFileReference; fileEncoding = 4; lastKnownFileType = file.xib; path = DetailTableViewCell.xib; sourceTree = "<group>"; };
		C6E2898D16027ECA00D8D6F2 /* maestro-icon114.png */ = {isa = PBXFileReference; lastKnownFileType = image.png; path = "maestro-icon114.png"; sourceTree = "<group>"; };
		C6E2898E16027ECA00D8D6F2 /* maestro-icon57.png */ = {isa = PBXFileReference; lastKnownFileType = image.png; path = "maestro-icon57.png"; sourceTree = "<group>"; };
		C6E2898F16027ECA00D8D6F2 /* ContactStore.h */ = {isa = PBXFileReference; fileEncoding = 4; lastKnownFileType = sourcecode.c.h; name = ContactStore.h; path = SupportingFiles/ContactStore.h; sourceTree = "<group>"; };
		C6E2899016027ECA00D8D6F2 /* ContactStore.m */ = {isa = PBXFileReference; fileEncoding = 4; lastKnownFileType = sourcecode.c.objc; name = ContactStore.m; path = SupportingFiles/ContactStore.m; sourceTree = "<group>"; };
		C6E2899816027ECA00D8D6F2 /* DetailsViewController.h */ = {isa = PBXFileReference; fileEncoding = 4; lastKnownFileType = sourcecode.c.h; name = DetailsViewController.h; path = SupportingFiles/DetailsViewController.h; sourceTree = "<group>"; };
		C6E2899916027ECA00D8D6F2 /* DetailsViewController.m */ = {isa = PBXFileReference; fileEncoding = 4; lastKnownFileType = sourcecode.c.objc; name = DetailsViewController.m; path = SupportingFiles/DetailsViewController.m; sourceTree = "<group>"; };
		C6E2899A16027ECA00D8D6F2 /* DetailsViewController.xib */ = {isa = PBXFileReference; fileEncoding = 4; lastKnownFileType = file.xib; name = DetailsViewController.xib; path = SupportingFiles/DetailsViewController.xib; sourceTree = "<group>"; };
		C6E2899B16027ECA00D8D6F2 /* DocumentHelper.h */ = {isa = PBXFileReference; fileEncoding = 4; lastKnownFileType = sourcecode.c.h; name = DocumentHelper.h; path = SupportingFiles/DocumentHelper.h; sourceTree = "<group>"; };
		C6E2899C16027ECA00D8D6F2 /* DocumentHelper.m */ = {isa = PBXFileReference; fileEncoding = 4; lastKnownFileType = sourcecode.c.objc; name = DocumentHelper.m; path = SupportingFiles/DocumentHelper.m; sourceTree = "<group>"; };
		C6E289A616027F4B00D8D6F2 /* QuartzCore.framework */ = {isa = PBXFileReference; lastKnownFileType = wrapper.framework; name = QuartzCore.framework; path = System/Library/Frameworks/QuartzCore.framework; sourceTree = SDKROOT; };
		C6E289A816027F5D00D8D6F2 /* MobileCoreServices.framework */ = {isa = PBXFileReference; lastKnownFileType = wrapper.framework; name = MobileCoreServices.framework; path = System/Library/Frameworks/MobileCoreServices.framework; sourceTree = SDKROOT; };
		C6E289AA16027F6400D8D6F2 /* CoreData.framework */ = {isa = PBXFileReference; lastKnownFileType = wrapper.framework; name = CoreData.framework; path = System/Library/Frameworks/CoreData.framework; sourceTree = SDKROOT; };
		C6E289AC16027FB500D8D6F2 /* maestro-icon114.png */ = {isa = PBXFileReference; lastKnownFileType = image.png; path = "maestro-icon114.png"; sourceTree = "<group>"; };
		C6E289AE16027FC900D8D6F2 /* maestro-icon57.png */ = {isa = PBXFileReference; lastKnownFileType = image.png; path = "maestro-icon57.png"; sourceTree = "<group>"; };
		C6E289B01602844B00D8D6F2 /* MaestroiLeads.xcdatamodel */ = {isa = PBXFileReference; lastKnownFileType = wrapper.xcdatamodel; path = MaestroiLeads.xcdatamodel; sourceTree = "<group>"; };
		C6E289B5160284FF00D8D6F2 /* PhoneNumber.h */ = {isa = PBXFileReference; fileEncoding = 4; lastKnownFileType = sourcecode.c.h; path = PhoneNumber.h; sourceTree = "<group>"; };
		C6E289B6160284FF00D8D6F2 /* PhoneNumber.m */ = {isa = PBXFileReference; fileEncoding = 4; lastKnownFileType = sourcecode.c.objc; path = PhoneNumber.m; sourceTree = "<group>"; };
		C6E289B81602851200D8D6F2 /* Person.h */ = {isa = PBXFileReference; fileEncoding = 4; lastKnownFileType = sourcecode.c.h; path = Person.h; sourceTree = "<group>"; };
		C6E289B91602851200D8D6F2 /* Person.m */ = {isa = PBXFileReference; fileEncoding = 4; lastKnownFileType = sourcecode.c.objc; path = Person.m; sourceTree = "<group>"; };
		C6E289BB1602852300D8D6F2 /* PhoneTypes.h */ = {isa = PBXFileReference; fileEncoding = 4; lastKnownFileType = sourcecode.c.h; path = PhoneTypes.h; sourceTree = "<group>"; };
		C6E289BC1602852300D8D6F2 /* PhoneTypes.m */ = {isa = PBXFileReference; fileEncoding = 4; lastKnownFileType = sourcecode.c.objc; path = PhoneTypes.m; sourceTree = "<group>"; };
/* End PBXFileReference section */

/* Begin PBXFrameworksBuildPhase section */
		C6E2895016027DF900D8D6F2 /* Frameworks */ = {
			isa = PBXFrameworksBuildPhase;
			buildActionMask = 2147483647;
			files = (
				C6E2895816027DF900D8D6F2 /* UIKit.framework in Frameworks */,
				C6E289AB16027F6400D8D6F2 /* CoreData.framework in Frameworks */,
				C6E289A916027F5D00D8D6F2 /* MobileCoreServices.framework in Frameworks */,
				C6E289A716027F4B00D8D6F2 /* QuartzCore.framework in Frameworks */,
				C6E2895A16027DF900D8D6F2 /* Foundation.framework in Frameworks */,
				C6E2895C16027DF900D8D6F2 /* CoreGraphics.framework in Frameworks */,
			);
			runOnlyForDeploymentPostprocessing = 0;
		};
/* End PBXFrameworksBuildPhase section */

/* Begin PBXGroup section */
		C6E2894816027DF900D8D6F2 = {
			isa = PBXGroup;
			children = (
				C6E289AE16027FC900D8D6F2 /* maestro-icon57.png */,
				C6E289AC16027FB500D8D6F2 /* maestro-icon114.png */,
				C6E2895D16027DF900D8D6F2 /* Maestro iLeads */,
				C6E2895616027DF900D8D6F2 /* Frameworks */,
				C6E2895416027DF900D8D6F2 /* Products */,
			);
			sourceTree = "<group>";
		};
		C6E2895416027DF900D8D6F2 /* Products */ = {
			isa = PBXGroup;
			children = (
				C6E2895316027DF900D8D6F2 /* Maestro iLeads.app */,
			);
			name = Products;
			sourceTree = "<group>";
		};
		C6E2895616027DF900D8D6F2 /* Frameworks */ = {
			isa = PBXGroup;
			children = (
				C6E289AA16027F6400D8D6F2 /* CoreData.framework */,
				C6E289A816027F5D00D8D6F2 /* MobileCoreServices.framework */,
				C6E289A616027F4B00D8D6F2 /* QuartzCore.framework */,
				C6E2895716027DF900D8D6F2 /* UIKit.framework */,
				C6E2895916027DF900D8D6F2 /* Foundation.framework */,
				C6E2895B16027DF900D8D6F2 /* CoreGraphics.framework */,
			);
			name = Frameworks;
			sourceTree = "<group>";
		};
		C6E2895D16027DF900D8D6F2 /* Maestro iLeads */ = {
			isa = PBXGroup;
			children = (
				C6E2896616027DF900D8D6F2 /* AppDelegate.h */,
				C6E2896716027DF900D8D6F2 /* AppDelegate.m */,
				C6E2897616027E9A00D8D6F2 /* MainViewController.h */,
				C6E2897716027E9A00D8D6F2 /* MainViewController.m */,
				C6E2896916027DF900D8D6F2 /* ViewController.h */,
				C6E2896A16027DF900D8D6F2 /* ViewController.m */,
				C6E2896C16027DF900D8D6F2 /* ViewController.xib */,
				C6E2895E16027DF900D8D6F2 /* Supporting Files */,
			);
			path = "Maestro iLeads";
			sourceTree = "<group>";
		};
		C6E2895E16027DF900D8D6F2 /* Supporting Files */ = {
			isa = PBXGroup;
			children = (
				C6E2898B16027ECA00D8D6F2 /* Assets */,
				C6E2898F16027ECA00D8D6F2 /* ContactStore.h */,
				C6E2899016027ECA00D8D6F2 /* ContactStore.m */,
				C6E2899116027ECA00D8D6F2 /* CoreDataObjects */,
				C6E2899816027ECA00D8D6F2 /* DetailsViewController.h */,
				C6E2899916027ECA00D8D6F2 /* DetailsViewController.m */,
				C6E2899A16027ECA00D8D6F2 /* DetailsViewController.xib */,
				C6E2899B16027ECA00D8D6F2 /* DocumentHelper.h */,
				C6E2899C16027ECA00D8D6F2 /* DocumentHelper.m */,
				C6E2897916027EAD00D8D6F2 /* CustomTableViewCells */,
				C6E2895F16027DF900D8D6F2 /* Maestro iLeads-Info.plist */,
				C6E2896016027DF900D8D6F2 /* InfoPlist.strings */,
				C6E2896316027DF900D8D6F2 /* main.m */,
				C6E2896516027DF900D8D6F2 /* Maestro iLeads-Prefix.pch */,
				C6E289B01602844B00D8D6F2 /* MaestroiLeads.xcdatamodel */,
			);
			name = "Supporting Files";
			sourceTree = "<group>";
		};
		C6E2897916027EAD00D8D6F2 /* CustomTableViewCells */ = {
			isa = PBXGroup;
			children = (
				C6E2897A16027EAD00D8D6F2 /* DetailTableViewCell.h */,
				C6E2897B16027EAD00D8D6F2 /* DetailTableViewCell.m */,
				C6E2897C16027EAD00D8D6F2 /* DetailTableViewCell.xib */,
			);
			path = CustomTableViewCells;
			sourceTree = "<group>";
		};
		C6E2898B16027ECA00D8D6F2 /* Assets */ = {
			isa = PBXGroup;
			children = (
				C6E2898C16027ECA00D8D6F2 /* images */,
			);
			name = Assets;
			path = SupportingFiles/Assets;
			sourceTree = "<group>";
		};
		C6E2898C16027ECA00D8D6F2 /* images */ = {
			isa = PBXGroup;
			children = (
				C6E2898D16027ECA00D8D6F2 /* maestro-icon114.png */,
				C6E2898E16027ECA00D8D6F2 /* maestro-icon57.png */,
			);
			path = images;
			sourceTree = "<group>";
		};
		C6E2899116027ECA00D8D6F2 /* CoreDataObjects */ = {
			isa = PBXGroup;
			children = (
				C6E289B5160284FF00D8D6F2 /* PhoneNumber.h */,
				C6E289B6160284FF00D8D6F2 /* PhoneNumber.m */,
				C6E289B81602851200D8D6F2 /* Person.h */,
				C6E289B91602851200D8D6F2 /* Person.m */,
				C6E289BB1602852300D8D6F2 /* PhoneTypes.h */,
				C6E289BC1602852300D8D6F2 /* PhoneTypes.m */,
			);
			name = CoreDataObjects;
			path = SupportingFiles/CoreDataObjects;
			sourceTree = "<group>";
		};
/* End PBXGroup section */

/* Begin PBXNativeTarget section */
		C6E2895216027DF900D8D6F2 /* Maestro iLeads */ = {
			isa = PBXNativeTarget;
			buildConfigurationList = C6E2897116027DF900D8D6F2 /* Build configuration list for PBXNativeTarget "Maestro iLeads" */;
			buildPhases = (
				C6E2894F16027DF900D8D6F2 /* Sources */,
				C6E2895016027DF900D8D6F2 /* Frameworks */,
				C6E2895116027DF900D8D6F2 /* Resources */,
			);
			buildRules = (
			);
			dependencies = (
			);
			name = "Maestro iLeads";
			productName = "Maestro iLeads";
			productReference = C6E2895316027DF900D8D6F2 /* Maestro iLeads.app */;
			productType = "com.apple.product-type.application";
		};
/* End PBXNativeTarget section */

/* Begin PBXProject section */
		C6E2894A16027DF900D8D6F2 /* Project object */ = {
			isa = PBXProject;
			attributes = {
				LastUpgradeCheck = 0440;
				ORGANIZATIONNAME = Maestro;
			};
			buildConfigurationList = C6E2894D16027DF900D8D6F2 /* Build configuration list for PBXProject "Maestro iLeads" */;
			compatibilityVersion = "Xcode 3.2";
			developmentRegion = English;
			hasScannedForEncodings = 0;
			knownRegions = (
				en,
			);
			mainGroup = C6E2894816027DF900D8D6F2;
			productRefGroup = C6E2895416027DF900D8D6F2 /* Products */;
			projectDirPath = "";
			projectRoot = "";
			targets = (
				C6E2895216027DF900D8D6F2 /* Maestro iLeads */,
			);
		};
/* End PBXProject section */

/* Begin PBXResourcesBuildPhase section */
		C6E2895116027DF900D8D6F2 /* Resources */ = {
			isa = PBXResourcesBuildPhase;
			buildActionMask = 2147483647;
			files = (
				C6E2896216027DF900D8D6F2 /* InfoPlist.strings in Resources */,
				C6E2896E16027DF900D8D6F2 /* ViewController.xib in Resources */,
				C6E2898116027EAD00D8D6F2 /* DetailTableViewCell.xib in Resources */,
				C6E2899D16027ECA00D8D6F2 /* maestro-icon114.png in Resources */,
				C6E2899E16027ECA00D8D6F2 /* maestro-icon57.png in Resources */,
				C6E289A416027ECA00D8D6F2 /* DetailsViewController.xib in Resources */,
			);
			runOnlyForDeploymentPostprocessing = 0;
		};
/* End PBXResourcesBuildPhase section */

/* Begin PBXSourcesBuildPhase section */
		C6E2894F16027DF900D8D6F2 /* Sources */ = {
			isa = PBXSourcesBuildPhase;
			buildActionMask = 2147483647;
			files = (
				C6E2896416027DF900D8D6F2 /* main.m in Sources */,
				C6E2896816027DF900D8D6F2 /* AppDelegate.m in Sources */,
				C6E2896B16027DF900D8D6F2 /* ViewController.m in Sources */,
				C6E2897816027E9A00D8D6F2 /* MainViewController.m in Sources */,
				C6E2898016027EAD00D8D6F2 /* DetailTableViewCell.m in Sources */,
				C6E2899F16027ECA00D8D6F2 /* ContactStore.m in Sources */,
				C6E289A316027ECA00D8D6F2 /* DetailsViewController.m in Sources */,
				C6E289A516027ECA00D8D6F2 /* DocumentHelper.m in Sources */,
				C6E289B11602844B00D8D6F2 /* MaestroiLeads.xcdatamodel in Sources */,
				C6E289B7160284FF00D8D6F2 /* PhoneNumber.m in Sources */,
				C6E289BA1602851200D8D6F2 /* Person.m in Sources */,
				C6E289BD1602852300D8D6F2 /* PhoneTypes.m in Sources */,
			);
			runOnlyForDeploymentPostprocessing = 0;
		};
/* End PBXSourcesBuildPhase section */

/* Begin PBXVariantGroup section */
		C6E2896016027DF900D8D6F2 /* InfoPlist.strings */ = {
			isa = PBXVariantGroup;
			children = (
				C6E2896116027DF900D8D6F2 /* en */,
			);
			name = InfoPlist.strings;
			sourceTree = "<group>";
		};
		C6E2896C16027DF900D8D6F2 /* ViewController.xib */ = {
			isa = PBXVariantGroup;
			children = (
				C6E2896D16027DF900D8D6F2 /* en */,
			);
			name = ViewController.xib;
			sourceTree = "<group>";
		};
/* End PBXVariantGroup section */

/* Begin XCBuildConfiguration section */
		C6E2896F16027DF900D8D6F2 /* Debug */ = {
			isa = XCBuildConfiguration;
			buildSettings = {
				ALWAYS_SEARCH_USER_PATHS = NO;
				ARCHS = "$(ARCHS_STANDARD_32_BIT)";
				CLANG_CXX_LANGUAGE_STANDARD = "gnu++0x";
				CLANG_ENABLE_OBJC_ARC = YES;
				CLANG_WARN__DUPLICATE_METHOD_MATCH = YES;
				"CODE_SIGN_IDENTITY[sdk=iphoneos*]" = "iPhone Developer";
				COPY_PHASE_STRIP = NO;
				GCC_C_LANGUAGE_STANDARD = gnu99;
				GCC_DYNAMIC_NO_PIC = NO;
				GCC_OPTIMIZATION_LEVEL = 0;
				GCC_PREPROCESSOR_DEFINITIONS = (
					"DEBUG=1",
					"$(inherited)",
				);
				GCC_SYMBOLS_PRIVATE_EXTERN = NO;
				GCC_VERSION = com.apple.compilers.llvm.clang.1_0;
				GCC_WARN_ABOUT_RETURN_TYPE = YES;
				GCC_WARN_UNINITIALIZED_AUTOS = YES;
				GCC_WARN_UNUSED_VARIABLE = YES;
				IPHONEOS_DEPLOYMENT_TARGET = 5.1;
				SDKROOT = iphoneos;
			};
			name = Debug;
		};
		C6E2897016027DF900D8D6F2 /* Release */ = {
			isa = XCBuildConfiguration;
			buildSettings = {
				ALWAYS_SEARCH_USER_PATHS = NO;
				ARCHS = "$(ARCHS_STANDARD_32_BIT)";
				CLANG_CXX_LANGUAGE_STANDARD = "gnu++0x";
				CLANG_ENABLE_OBJC_ARC = YES;
				CLANG_WARN__DUPLICATE_METHOD_MATCH = YES;
				"CODE_SIGN_IDENTITY[sdk=iphoneos*]" = "iPhone Developer";
				COPY_PHASE_STRIP = YES;
				GCC_C_LANGUAGE_STANDARD = gnu99;
				GCC_VERSION = com.apple.compilers.llvm.clang.1_0;
				GCC_WARN_ABOUT_RETURN_TYPE = YES;
				GCC_WARN_UNINITIALIZED_AUTOS = YES;
				GCC_WARN_UNUSED_VARIABLE = YES;
				IPHONEOS_DEPLOYMENT_TARGET = 5.1;
				OTHER_CFLAGS = "-DNS_BLOCK_ASSERTIONS=1";
				SDKROOT = iphoneos;
				VALIDATE_PRODUCT = YES;
			};
			name = Release;
		};
		C6E2897216027DF900D8D6F2 /* Debug */ = {
			isa = XCBuildConfiguration;
			buildSettings = {
				GCC_PRECOMPILE_PREFIX_HEADER = YES;
				GCC_PREFIX_HEADER = "Maestro iLeads/Maestro iLeads-Prefix.pch";
				INFOPLIST_FILE = "Maestro iLeads/Maestro iLeads-Info.plist";
				PRODUCT_NAME = "$(TARGET_NAME)";
				WRAPPER_EXTENSION = app;
			};
			name = Debug;
		};
		C6E2897316027DF900D8D6F2 /* Release */ = {
			isa = XCBuildConfiguration;
			buildSettings = {
				GCC_PRECOMPILE_PREFIX_HEADER = YES;
				GCC_PREFIX_HEADER = "Maestro iLeads/Maestro iLeads-Prefix.pch";
				INFOPLIST_FILE = "Maestro iLeads/Maestro iLeads-Info.plist";
				PRODUCT_NAME = "$(TARGET_NAME)";
				WRAPPER_EXTENSION = app;
			};
			name = Release;
		};
/* End XCBuildConfiguration section */

/* Begin XCConfigurationList section */
		C6E2894D16027DF900D8D6F2 /* Build configuration list for PBXProject "Maestro iLeads" */ = {
			isa = XCConfigurationList;
			buildConfigurations = (
				C6E2896F16027DF900D8D6F2 /* Debug */,
				C6E2897016027DF900D8D6F2 /* Release */,
			);
			defaultConfigurationIsVisible = 0;
			defaultConfigurationName = Release;
		};
		C6E2897116027DF900D8D6F2 /* Build configuration list for PBXNativeTarget "Maestro iLeads" */ = {
			isa = XCConfigurationList;
			buildConfigurations = (
				C6E2897216027DF900D8D6F2 /* Debug */,
				C6E2897316027DF900D8D6F2 /* Release */,
			);
			defaultConfigurationIsVisible = 0;
			defaultConfigurationName = Release;
		};
/* End XCConfigurationList section */
	};
	rootObject = C6E2894A16027DF900D8D6F2 /* Project object */;
}
